
Microsoft Visual Studio Solution File, Format Version 12.00
# Visual Studio Version 16
VisualStudioVersion = 16.0.31205.134
MinimumVisualStudioVersion = 10.0.40219.1
Project("{8BC9CEB8-8B4A-11D0-8D11-00A0C91BC942}") = "Cola _ Machine", "Cola _ Machine.vcxproj", "{FFF32D33-C7ED-4E32-B8EA-8F478987B30B}"
EndProject
Global
	GlobalSection(SolutionConfigurationPlatforms) = preSolution
		Debug|x64 = Debug|x64
		Debug|x86 = Debug|x86
		Release|x64 = Release|x64
		Release|x86 = Release|x86
	EndGlobalSection
	GlobalSection(ProjectConfigurationPlatforms) = postSolution
		{FFF32D33-C7ED-4E32-B8EA-8F478987B30B}.Debug|x64.ActiveCfg = Debug|x64
		{FFF32D33-C7ED-4E32-B8EA-8F478987B30B}.Debug|x64.Build.0 = Debug|x64
		{FFF32D33-C7ED-4E32-B8EA-8F478987B30B}.Debug|x86.ActiveCfg = Debug|Win32
		{FFF32D33-C7ED-4E32-B8EA-8F478987B30B}.Debug|x86.Build.0 = Debug|Win32
		{FFF32D33-C7ED-4E32-B8EA-8F478987B30B}.Release|x64.ActiveCfg = Release|x64
		{FFF32D33-C7ED-4E32-B8EA-8F478987B30B}.Release|x64.Build.0 = Release|x64
		{FFF32D33-C7ED-4E32-B8EA-8F478987B30B}.Release|x86.ActiveCfg = Release|Win32
		{FFF32D33-C7ED-4E32-B8EA-8F478987B30B}.Release|x86.Build.0 = Release|Win32
	EndGlobalSection
	GlobalSection(SolutionProperties) = preSolution
		HideSolutionNode = FALSE
	EndGlobalSection
	GlobalSection(ExtensibilityGlobals) = postSolution
		SolutionGuid = {DF273E41-4D66-44C4-8E5D-9728CBB47E1B}
	EndGlobalSection
EndGlobal
